github.com/PuerkitoBio/goquery v1.12.0 h1:pAcL4g3WRXekcB9AU/y1mbKez2dbY2AajVhtkO8RIBo=
github.com/PuerkitoBio/goquery v1.12.0/go.mod h1:802ej+gV2y7bbIhOIoPY5sT183ZW0YFofScC4q/hIpQ=
github.com/andybalholm/cascadia v1.3.3 h1:AG2YHrzJIm4BZ19iwJ/DAua6Btl3IwJX+VI4kktS1LM=
github.com/andybalholm/cascadia v1.3.3/go.mod h1:xNd9bqTn98Ln4DwST8/nG+H0yuB8Hmgu1YHNnWw0GeA=
github.com/asaskevich/govalidator v0.0.0-20230301143203-a9d515a09cc2 h1:DklsrG3dyBCFEj5IhUbnKptjxatkF07cF2ak3yi77so=
github.com/asaskevich/govalidator v0.0.0-20230301143203-a9d515a09cc2/go.mod h1:WaHUgvxTVq04UNunO+XhnAqY/wQc+bxr74GqbsZ/Jqw=
github.com/aymerick/douceur v0.2.0 h1:Mv+mAeH1Q+n9Fr+oyamOlAkUNPWPlA8PPGR0QAaYuPk=
github.com/aymerick/douceur v0.2.0/go.mod h1:wlT5vV2O3h55X9m7iVYN0TBM0NH/MmbLnd30/FjWUq4=
github.com/benbjohnson/clock v1.3.5 h1:VvXlSJBzZpA/zum6Sj74hxwYI2DIxRWuNIoXAzHZz5o=
github.com/benbjohnson/clock v1.3.5/go.mod h1:J11/hYXuz8f4ySSvYwY0FKfm+ezbsZBKZxNJlLklBHA=
github.com/cnf/structhash v0.0.0-20250313080605-df4c6cc74a9a h1:Ohw57yVY2dBTt+gsC6aZdteyxwlxfbtgkFEMTEkwgSw=
github.com/cnf/structhash v0.0.0-20250313080605-df4c6cc74a9a/go.mod h1:pCxVEbcm3AMg7ejXyorUXi6HQCzOIBf7zEDVPtw0/U4=
github.com/davecgh/go-spew v1.1.0/go.mod h1:J7Y8YcW2NihsgmVo/mv3lAwl/skON4iLHjSsI+c5H38=
github.com/davecgh/go-spew v1.1.1/go.mod h1:J7Y8YcW2NihsgmVo/mv3lAwl/skON4iLHjSsI+c5H38=
github.com/davecgh/go-spew v1.1.2-0.20180830191138-d8f796af33cc h1:U9qPSI2PIWSS1VwoXQT9A3Wy9MM3WgvqSxFWenqJduM=
github.com/davecgh/go-spew v1.1.2-0.20180830191138-d8f796af33cc/go.mod h1:J7Y8YcW2NihsgmVo/mv3lAwl/skON4iLHjSsI+c5H38=
github.com/djherbis/times v1.6.0 h1:w2ctJ92J8fBvWPxugmXIv7Nz7Q3iDMKNx9v5ocVH20c=
github.com/djherbis/times v1.6.0/go.mod h1:gOHeRAz2h+VJNZ5Gmc/o7iD9k4wW7NMVqieYCY99oc0=
github.com/ebitengine/purego v0.10.0 h1:QIw4xfpWT6GWTzaW5XEKy3HXoqrJGx1ijYHzTF0/ISU=
github.com/ebitengine/purego v0.10.0/go.mod h1:iIjxzd6CiRiOG0UyXP+V1+jWqUXVjPKLAI0mRfJZTmQ=
github.com/edoardottt/golazy v0.1.4 h1:TsRFfTpOabiyTyiB2Dm/aR4id5r+ILOxNjYOSkeq8ec=
github.com/edoardottt/golazy v0.1.4/go.mod h1:uZRa3TRYvQSxmbAc7O9+3RelkMu+ACbKiUoy+uPsGVM=
github.com/go-ole/go-ole v1.2.6 h1:/Fpf6oFPoeFik9ty7siob0G6Ke8QvQEuVcuChpwXzpY=
github.com/go-ole/go-ole v1.2.6/go.mod h1:pprOEPIfldk/42T2oK7lQ4v4JSDwmV0As9GaiUsvbm0=
github.com/google/go-cmp v0.5.6/go.mod h1:v8dTdLbMG2kIc/vJvl+f65V22dbkXbowE6jgT/gNBxE=
github.com/google/go-cmp v0.6.0/go.mod h1:17dUlkBOakJ0+DkrSSNjCkIjxS6bF9zb3elmeNGIjoY=
github.com/google/go-cmp v0.7.0 h1:wk8382ETsv4JYUZwIsn6YpYiWiBsYLSJiTsyBybVuN8=
github.com/google/go-cmp v0.7.0/go.mod h1:pXiqmnSA92OHEEa9HXL2W4E7lf9JzCmGVUdgjX3N/iU=
github.com/google/gofuzz v1.0.0/go.mod h1:dBl0BpW6vV/+mYPU4Po3pmUjxk6FQPldtuIdl/M65Eg=
github.com/google/shlex v0.0.0-20191202100458-e7afc7fbc510 h1:El6M4kTTCOh6aBiKaUGG7oYTSPP8MxqL4YI3kZKwcP4=
github.com/google/shlex v0.0.0-20191202100458-e7afc7fbc510/go.mod h1:pupxD2MaaD3pAXIBCelhxNneeOaAeabZDe5s4K6zSpQ=
github.com/gorilla/css v1.0.1 h1:ntNaBIghp6JmvWnxbZKANoLyuXTPZ4cAMlo6RyhlbO8=
github.com/gorilla/css v1.0.1/go.mod h1:BvnYkspnSzMmwRK+b8/xgNPLiIuNZr6vbZBTPQ2A3b0=
github.com/json-iterator/go v1.1.12 h1:PV8peI4a0ysnczrg+LtxykD8LfKY9ML6u2jnxaEnrnM=
github.com/json-iterator/go v1.1.12/go.mod h1:e30LSqwooZae/UwlEbR2852Gd8hjQvJoHmT4TnhNGBo=
github.com/logrusorgru/aurora/v4 v4.0.0 h1:sRjfPpun/63iADiSvGGjgA1cAYegEWMPCJdUpJYn9JA=
github.com/logrusorgru/aurora/v4 v4.0.0/go.mod h1:lP0iIa2nrnT/qoFXcOZSrZQpJ1o6n2CUf/hyHi2Q4ZQ=
github.com/lufia/plan9stats v0.0.0-20211012122336-39d0f177ccd0 h1:6E+4a0GO5zZEnZ81pIr0yLvtUWk2if982qA3F3QD6H4=
github.com/lufia/plan9stats v0.0.0-20211012122336-39d0f177ccd0/go.mod h1:zJYVVT2jmtg6P3p1VtQj7WsuWi/y4VnjVBn7F8KPB3I=
github.com/mattn/go-isatty v0.0.22 h1:j8l17JJ9i6VGPUFUYoTUKPSgKe/83EYU2zBC7YNKMw4=
github.com/mattn/go-isatty v0.0.22/go.mod h1:ZXfXG4SQHsB/w3ZeOYbR0PrPwLy+n6xiMrJlRFqopa4=
github.com/microcosm-cc/bluemonday v1.0.27 h1:MpEUotklkwCSLeH+Qdx1VJgNqLlpY2KXwXFM08ygZfk=
github.com/microcosm-cc/bluemonday v1.0.27/go.mod h1:jFi9vgW+H7c3V0lb6nR74Ib/DIB5OBs92Dimizgw2cA=
github.com/miekg/dns v1.1.72 h1:vhmr+TF2A3tuoGNkLDFK9zi36F2LS+hKTRW0Uf8kbzI=
github.com/miekg/dns v1.1.72/go.mod h1:+EuEPhdHOsfk6Wk5TT2CzssZdqkmFhf8r+aVyDEToIs=
github.com/modern-go/concurrent v0.0.0-20180228061459-e0a39a4cb421/go.mod h1:6dJC0mAP4ikYIbvyc7fijjWJddQyLn8Ig3JB5CqoB9Q=
github.com/modern-go/concurrent v0.0.0-20180306012644-bacd9c7ef1dd h1:TRLaZ9cD/w8PVh93nsPXa1VrQ6jlwL5oN8l14QlcNfg=
github.com/modern-go/concurrent v0.0.0-20180306012644-bacd9c7ef1dd/go.mod h1:6dJC0mAP4ikYIbvyc7fijjWJddQyLn8Ig3JB5CqoB9Q=
github.com/modern-go/reflect2 v1.0.2 h1:xBagoLtFs94CBntxluKeaWgTMpvLxC4ur3nMaC9Gz0M=
github.com/modern-go/reflect2 v1.0.2/go.mod h1:yWuevngMOJpCy52FWWMvUC8ws7m/LJsjYzDa0/r8luk=
github.com/pkg/errors v0.9.1 h1:FEBLx1zS214owpjy7qsBeixbURkuhQAwrK5UwLGTwt4=
github.com/pkg/errors v0.9.1/go.mod h1:bwawxfHBFNV+L2hUp1rHADufV3IMtnDRdf1r5NINEl0=
github.com/pmezard/go-difflib v1.0.0/go.mod h1:iKH77koFhYxTK1pcRnkKkqfTogsbg7gZNVY4sRDYZ/4=
github.com/pmezard/go-difflib v1.0.1-0.20181226105442-5d4384ee4fb2 h1:Jamvg5psRIccs7FGNTlIRMkT8wgtp5eCXdBlqhYGL6U=
github.com/pmezard/go-difflib v1.0.1-0.20181226105442-5d4384ee4fb2/go.mod h1:iKH77koFhYxTK1pcRnkKkqfTogsbg7gZNVY4sRDYZ/4=
github.com/power-devops/perfstat v0.0.0-20240221224432-82ca36839d55 h1:o4JXh1EVt9k/+g42oCprj/FisM4qX9L3sZB3upGN2ZU=
github.com/power-devops/perfstat v0.0.0-20240221224432-82ca36839d55/go.mod h1:OmDBASR4679mdNQnz2pUhc2G8CO2JrUAVFDRBDP/hJE=
github.com/projectdiscovery/blackrock v0.0.1 h1:lHQqhaaEFjgf5WkuItbpeCZv2DUIE45k0VbGJyft6LQ=
github.com/projectdiscovery/blackrock v0.0.1/go.mod h1:ANUtjDfaVrqB453bzToU+YB4cUbvBRpLvEwoWIwlTss=
github.com/projectdiscovery/goflags v0.1.75 h1:njEBnyueQaFa2ptWxbyl9zX0OClNdlN2AzZveNHiBOs=
github.com/projectdiscovery/goflags v0.1.75/go.mod h1:7nAP1r2Dqgn/rwmOE3EWbZWUCEJKNIhVSBGpuzJAIns=
github.com/projectdiscovery/gologger v1.1.72 h1:PKk+aSx3jYOCBPi+FD+nTnhe+Vxx9u3K7Ega0GVlMCI=
github.com/projectdiscovery/gologger v1.1.72/go.mod h1:mJwODZcFDg70ihINpOvZevmBtgvpP8H9/l8Y+OPhZPY=
github.com/projectdiscovery/mapcidr v1.1.97 h1:7FkxNNVXp+m1rIu5Nv/2SrF9k4+LwP8QuWs2puwy+2w=
github.com/projectdiscovery/mapcidr v1.1.97/go.mod h1:9dgTJh1SP02gYZdpzMjm6vtYFkEHQHoTyaVNvaeJ7lA=
github.com/projectdiscovery/utils v0.11.1 h1:PWj1KjIASxt8icxommH72C0TQqNOvGkcSODRkiq0SQw=
github.com/projectdiscovery/utils v0.11.1/go.mod h1:yktGrHGk2CTjNiccXovnvGrLHX9sV2bqz9nSnbA3V8M=
github.com/saintfish/chardet v0.0.0-20230101081208-5e3ef4b5456d h1:hrujxIzL1woJ7AwssoOcM/tq5JjjG2yYOc8odClEiXA=
github.com/saintfish/chardet v0.0.0-20230101081208-5e3ef4b5456d/go.mod h1:uugorj2VCxiV1x+LzaIdVa9b4S4qGAcH6cbhh4qVxOU=
github.com/shirou/gopsutil/v4 v4.26.3 h1:2ESdQt90yU3oXF/CdOlRCJxrP+Am1aBYubTMTfxJ1qc=
github.com/shirou/gopsutil/v4 v4.26.3/go.mod h1:LZ6ewCSkBqUpvSOf+LsTGnRinC6iaNUNMGBtDkJBaLQ=
github.com/stretchr/objx v0.1.0/go.mod h1:HFkY916IF+rwdDfMAkV7OtwuqBVzrE8GR6GFx+wExME=
github.com/stretchr/testify v1.3.0/go.mod h1:M5WIy9Dh21IEIfnGCwXGc5bZfKNJtfHm1UVUgZn+9EI=
github.com/stretchr/testify v1.11.1 h1:7s2iGBzp5EwR7/aIZr8ao5+dra3wiQyKjjFuvgVKu7U=
github.com/stretchr/testify v1.11.1/go.mod h1:wZwfW3scLgRK+23gO65QZefKpKQRnfz6sD981Nm4B6U=
github.com/tidwall/gjson v1.19.0 h1:xwxm7n691Uf3u5OFjzngavjGTh55KX5q/9w9xHW88JU=
github.com/tidwall/gjson v1.19.0/go.mod h1:V37/opeE/JbLUOfH0QTXiNez2l0RUjYUhpT4szFQAfc=
github.com/tidwall/match v1.2.0 h1:0pt8FlkOwjN2fPt4bIl4BoNxb98gGHN2ObFEDkrfZnM=
github.com/tidwall/match v1.2.0/go.mod h1:eRSPERbgtNPcGhD8UCthc6PmLEQXEWd3PRB5JTxsfmM=
github.com/tidwall/pretty v1.2.1 h1:qjsOFOWWQl+N3RsoF5/ssm1pHmJJwhjlSbZ51I6wMl4=
github.com/tidwall/pretty v1.2.1/go.mod h1:ITEVvHYasfjBbM0u2Pg8T2nJnzm8xPwvNhhsoaGGjNU=
github.com/tklauser/go-sysconf v0.3.16 h1:frioLaCQSsF5Cy1jgRBrzr6t502KIIwQ0MArYICU0nA=
github.com/tklauser/go-sysconf v0.3.16/go.mod h1:/qNL9xxDhc7tx3HSRsLWNnuzbVfh3e7gh/BmM179nYI=
github.com/tklauser/numcpus v0.11.0 h1:nSTwhKH5e1dMNsCdVBukSZrURJRoHbSEQjdEbY+9RXw=
github.com/tklauser/numcpus v0.11.0/go.mod h1:z+LwcLq54uWZTX0u/bGobaV34u6V7KNlTZejzM6/3MQ=
github.com/yuin/goldmark v1.4.13/go.mod h1:6yULJ656Px+3vBD8DxQVa3kxgyrAnzto9xy5taEt/CY=
github.com/yusufpapurcu/wmi v1.2.4 h1:zFUKzehAFReQwLys1b/iSMl+JQGSCSjtVqQn9bBrPo0=
github.com/yusufpapurcu/wmi v1.2.4/go.mod h1:SBZ9tNy3G9/m5Oi98Zks0QjeHVDvuK0qfxQmPyzfmi0=
go.uber.org/atomic v1.7.0 h1:ADUqmZGgLDDfbSL9ZmPxKTybcoEYHgpYfELNoN+7hsw=
go.uber.org/atomic v1.7.0/go.mod h1:fEN4uk6kAWBTFdckzkM89CLk9XfWZrxpCo0nPH17wJc=
go.uber.org/multierr v1.11.0 h1:blXXJkSxSSfBVBlC76pxqeO+LN3aDfLQo+309xJstO0=
go.uber.org/multierr v1.11.0/go.mod h1:20+QtiLqy0Nd6FdQB9TLXag12DsQkrbs3htMFfDN80Y=
go.uber.org/ratelimit v0.3.1 h1:K4qVE+byfv/B3tC+4nYWP7v/6SimcO7HzHekoMNBma0=
go.uber.org/ratelimit v0.3.1/go.mod h1:6euWsTB6U/Nb3X++xEUXA8ciPJvr19Q/0h1+oDcJhRk=
golang.org/x/crypto v0.0.0-20190308221718-c2843e01d9a2/go.mod h1:djNgcEr1/C05ACkg1iLfiJU5Ep61QUkGW8qpdssI0+w=
golang.org/x/crypto v0.0.0-20210921155107-089bfa567519/go.mod h1:GvvjBRRGRdwPK5ydBHafDWAxML/pGHZbMvKqRZ5+Abc=
golang.org/x/crypto v0.13.0/go.mod h1:y6Z2r+Rw4iayiXXAIxJIDAJ1zMW4yaTpebo8fPOliYc=
golang.org/x/crypto v0.19.0/go.mod h1:Iy9bg/ha4yyC70EfRS8jz+B6ybOBKMaSxLj6P6oBDfU=
golang.org/x/crypto v0.23.0/go.mod h1:CKFgDieR+mRhux2Lsu27y0fO304Db0wZe70UKqHu0v8=
golang.org/x/crypto v0.31.0/go.mod h1:kDsLvtWBEx7MV9tJOj9bnXsPbxwJQ6csT/x4KIN4Ssk=
golang.org/x/exp v0.0.0-20260508232706-74f9aab9d74a h1:+3jdDGGB8NGb1Zktc737jlt3/A5f6UlwSzmvqUuufxw=
golang.org/x/exp v0.0.0-20260508232706-74f9aab9d74a/go.mod h1:d2fgXJLVs4dYDHUk5lwMIfzRzSrWCfGZb0ZqeLa/Vcw=
golang.org/x/mod v0.6.0-dev.0.20220419223038-86c51ed26bb4/go.mod h1:jJ57K6gSWd91VN4djpZkiMVwK6gcyfeH4XE8wZrZaV4=
golang.org/x/mod v0.8.0/go.mod h1:iBbtSCu2XBx23ZKBPSOrRkjjQPZFPuis4dIYUhu/chs=
golang.org/x/mod v0.12.0/go.mod h1:iBbtSCu2XBx23ZKBPSOrRkjjQPZFPuis4dIYUhu/chs=
golang.org/x/mod v0.15.0/go.mod h1:hTbmBsO62+eylJbnUtE2MGJUyE7QWk4xUqPFrRgJ+7c=
golang.org/x/mod v0.17.0/go.mod h1:hTbmBsO62+eylJbnUtE2MGJUyE7QWk4xUqPFrRgJ+7c=
golang.org/x/mod v0.36.0 h1:JJjpVx6myfUsUdAzZuOSTTmRE0PfZeNWzzvKrP7amb4=
golang.org/x/mod v0.36.0/go.mod h1:moc6ELqsWcOw5Ef3xVprK5ul/MvtVvkIXLziUOICjUQ=
golang.org/x/net v0.0.0-20190620200207-3b0461eec859/go.mod h1:z5CRVTTTmAJ677TzLLGU+0bjPO0LkuOLi4/5GtJWs/s=
golang.org/x/net v0.0.0-20210226172049-e18ecbb05110/go.mod h1:m0MpNAwzfU5UDzcl9v0D8zg8gWTRqZa9RBIspLL5mdg=
golang.org/x/net v0.0.0-20220722155237-a158d28d115b/go.mod h1:XRhObCWvk6IyKnWLug+ECip1KBveYUHfp+8e9klMJ9c=
golang.org/x/net v0.6.0/go.mod h1:2Tu9+aMcznHK/AK1HMvgo6xiTLG5rD5rZLDS+rp2Bjs=
golang.org/x/net v0.10.0/go.mod h1:0qNGK6F8kojg2nk9dLZ2mShWaEBan6FAoqfSigmmuDg=
golang.org/x/net v0.15.0/go.mod h1:idbUs1IY1+zTqbi8yxTbhexhEEk5ur9LInksu6HrEpk=
golang.org/x/net v0.21.0/go.mod h1:bIjVDfnllIU7BJ2DNgfnXvpSvtn8VRwhlsaeUTyUS44=
golang.org/x/net v0.25.0/go.mod h1:JkAGAh7GEvH74S6FOH42FLoXpXbE/aqXSrIQjXgsiwM=
golang.org/x/net v0.33.0/go.mod h1:HXLR5J+9DxmrqMwG9qjGCxZ+zKXxBru04zlTvWlWuN4=
golang.org/x/net v0.55.0 h1:bcvxaJn3e1U6InsFWt1JUq1aSjnRxLzT2rtD2KfkDF8=
golang.org/x/net v0.55.0/go.mod h1:L5U2KuzuOe1lY7Z+aWVIKK6qEeJXnXV9yzGA+WCHJww=
golang.org/x/sync v0.0.0-20190423024810-112230192c58/go.mod h1:RxMgew5VJxzue5/jJTE5uejpjVlOe/izrB70Jof72aM=
golang.org/x/sync v0.0.0-20220722155255-886fb9371eb4/go.mod h1:RxMgew5VJxzue5/jJTE5uejpjVlOe/izrB70Jof72aM=
golang.org/x/sync v0.1.0/go.mod h1:RxMgew5VJxzue5/jJTE5uejpjVlOe/izrB70Jof72aM=
golang.org/x/sync v0.3.0/go.mod h1:FU7BRWz2tNW+3quACPkgCx/L+uEAv1htQ0V83Z9Rj+Y=
golang.org/x/sync v0.6.0/go.mod h1:Czt+wKu1gCyEFDUtn0jG5QVvpJ6rzVqr5aXyt9drQfk=
golang.org/x/sync v0.7.0/go.mod h1:Czt+wKu1gCyEFDUtn0jG5QVvpJ6rzVqr5aXyt9drQfk=
golang.org/x/sync v0.10.0/go.mod h1:Czt+wKu1gCyEFDUtn0jG5QVvpJ6rzVqr5aXyt9drQfk=
golang.org/x/sync v0.20.0 h1:e0PTpb7pjO8GAtTs2dQ6jYa5BWYlMuX047Dco/pItO4=
golang.org/x/sync v0.20.0/go.mod h1:9xrNwdLfx4jkKbNva9FpL6vEN7evnE43NNNJQ2LF3+0=
golang.org/x/sys v0.0.0-20190215142949-d0b11bdaac8a/go.mod h1:STP8DvDyc/dI5b8T5hshtkjS+E42TnysNCUPdjciGhY=
golang.org/x/sys v0.0.0-20190916202348-b4ddaad3f8a3/go.mod h1:h1NjWce9XRLGQEsW7wpKNCjG9DtNlClVuFLEZdDNbEs=
golang.org/x/sys v0.0.0-20201119102817-f84b799fce68/go.mod h1:h1NjWce9XRLGQEsW7wpKNCjG9DtNlClVuFLEZdDNbEs=
golang.org/x/sys v0.0.0-20201204225414-ed752295db88/go.mod h1:h1NjWce9XRLGQEsW7wpKNCjG9DtNlClVuFLEZdDNbEs=
golang.org/x/sys v0.0.0-20210615035016-665e8c7367d1/go.mod h1:oPkhp1MJrh7nUepCBck5+mAzfO9JrbApNNgaTdGDITg=
golang.org/x/sys v0.0.0-20220520151302-bc2c85ada10a/go.mod h1:oPkhp1MJrh7nUepCBck5+mAzfO9JrbApNNgaTdGDITg=
golang.org/x/sys v0.0.0-20220615213510-4f61da869c0c/go.mod h1:oPkhp1MJrh7nUepCBck5+mAzfO9JrbApNNgaTdGDITg=
golang.org/x/sys v0.0.0-20220722155257-8c9f86f7a55f/go.mod h1:oPkhp1MJrh7nUepCBck5+mAzfO9JrbApNNgaTdGDITg=
golang.org/x/sys v0.5.0/go.mod h1:oPkhp1MJrh7nUepCBck5+mAzfO9JrbApNNgaTdGDITg=
golang.org/x/sys v0.8.0/go.mod h1:oPkhp1MJrh7nUepCBck5+mAzfO9JrbApNNgaTdGDITg=
golang.org/x/sys v0.12.0/go.mod h1:oPkhp1MJrh7nUepCBck5+mAzfO9JrbApNNgaTdGDITg=
golang.org/x/sys v0.17.0/go.mod h1:/VUhepiaJMQUp4+oa/7Zr1D23ma6VTLIYjOOTFZPUcA=
golang.org/x/sys v0.20.0/go.mod h1:/VUhepiaJMQUp4+oa/7Zr1D23ma6VTLIYjOOTFZPUcA=
golang.org/x/sys v0.28.0/go.mod h1:/VUhepiaJMQUp4+oa/7Zr1D23ma6VTLIYjOOTFZPUcA=
golang.org/x/sys v0.45.0 h1:dO4czNzziLiiXplLQgBCEpCvXQ3dnkn0SdaZSYdQ+FY=
golang.org/x/sys v0.45.0/go.mod h1:4GL1E5IUh+htKOUEOaiffhrAeqysfVGipDYzABqnCmw=
golang.org/x/telemetry v0.0.0-20240228155512-f48c80bd79b2/go.mod h1:TeRTkGYfJXctD9OcfyVLyj2J3IxLnKwHJR8f4D8a3YE=
golang.org/x/term v0.0.0-20201126162022-7de9c90e9dd1/go.mod h1:bj7SfCRtBDWHUb9snDiAeCFNEtKQo2Wmx5Cou7ajbmo=
golang.org/x/term v0.0.0-20210927222741-03fcf44c2211/go.mod h1:jbD1KX2456YbFQfuXm/mYQcufACuNUgVhRMnK/tPxf8=
golang.org/x/term v0.5.0/go.mod h1:jMB1sMXY+tzblOD4FWmEbocvup2/aLOaQEp7JmGp78k=
golang.org/x/term v0.8.0/go.mod h1:xPskH00ivmX89bAKVGSKKtLOWNx2+17Eiy94tnKShWo=
golang.org/x/term v0.12.0/go.mod h1:owVbMEjm3cBLCHdkQu9b1opXd4ETQWc3BhuQGKgXgvU=
golang.org/x/term v0.17.0/go.mod h1:lLRBjIVuehSbZlaOtGMbcMncT+aqLLLmKrsjNrUguwk=
golang.org/x/term v0.20.0/go.mod h1:8UkIAJTvZgivsXaD6/pH6U9ecQzZ45awqEOzuCvwpFY=
golang.org/x/term v0.27.0/go.mod h1:iMsnZpn0cago0GOrHO2+Y7u7JPn5AylBrcoWkElMTSM=
golang.org/x/term v0.43.0 h1:S4RLU2sB31O/NCl+zFN9Aru9A/Cq2aqKpTZJ6B+DwT4=
golang.org/x/term v0.43.0/go.mod h1:lrhlHNdQJHO+1qVYiHfFKVuVioJIheAc3fBSMFYEIsk=
golang.org/x/text v0.3.0/go.mod h1:NqM8EUOU14njkJ3fqMW+pc6Ldnwhi/IjpwHt7yyuwOQ=
golang.org/x/text v0.3.3/go.mod h1:5Zoc/QRtKVWzQhOtBMvqHzDpF6irO9z98xDceosuGiQ=
golang.org/x/text v0.3.7/go.mod h1:u+2+/6zg+i71rQMx5EYifcz6MCKuco9NR6JIITiCfzQ=
golang.org/x/text v0.7.0/go.mod h1:mrYo+phRRbMaCq/xk9113O4dZlRixOauAjOtrjsXDZ8=
golang.org/x/text v0.9.0/go.mod h1:e1OnstbJyHTd6l/uOt8jFFHp6TRDWZR/bV3emEE/zU8=
golang.org/x/text v0.13.0/go.mod h1:TvPlkZtksWOMsz7fbANvkp4WM8x/WCo/om8BMLbz+aE=
golang.org/x/text v0.14.0/go.mod h1:18ZOQIKpY8NJVqYksKHtTdi31H5itFRjB5/qKTNYzSU=
golang.org/x/text v0.15.0/go.mod h1:18ZOQIKpY8NJVqYksKHtTdi31H5itFRjB5/qKTNYzSU=
golang.org/x/text v0.21.0/go.mod h1:4IBbMaMmOPCJ8SecivzSH54+73PCFmPWxNTLm+vZkEQ=
golang.org/x/tools v0.0.0-20180917221912-90fa682c2a6e/go.mod h1:n7NCudcB/nEzxVGmLbDWY5pfWTLqBcC2KZ6jyYvM4mQ=
golang.org/x/tools v0.0.0-20191119224855-298f0cb1881e/go.mod h1:b+2E5dAYhXwXZwtnZ6UAqBI28+e2cm9otk0dWdXHAEo=
golang.org/x/tools v0.1.12/go.mod h1:hNGJHUnrk76NpqgfD5Aqm5Crs+Hm0VOH/i9J2+nxYbc=
golang.org/x/tools v0.6.0/go.mod h1:Xwgl3UAJ/d3gWutnCtw505GrjyAbvKui8lOU390QaIU=
golang.org/x/tools v0.13.0/go.mod h1:HvlwmtVNQAhOuCjW7xxvovg8wbNq7LwfXh/k7wXUl58=
golang.org/x/tools v0.21.1-0.20240508182429-e35e4ccd0d2d/go.mod h1:aiJjzUbINMkxbQROHiO6hDPo2LHcIPhhQsa9DLh0yGk=
golang.org/x/tools v0.45.0 h1:18qN3FAooORvApf5XjCXgsuayZOEtXf6JK18I3+ONa8=
golang.org/x/tools v0.45.0/go.mod h1:LuUGqqaXcXMEFEruIVJVm5mgDD8vww/z/SR1gQ4uE/0=
golang.org/x/xerrors v0.0.0-20190717185122-a985d3407aa7/go.mod h1:I/5z698sn9Ka8TeJc9MKroUUfqBBauWjQqLJ2OPfmY0=
golang.org/x/xerrors v0.0.0-20191204190536-9bdfabe68543/go.mod h1:I/5z698sn9Ka8TeJc9MKroUUfqBBauWjQqLJ2OPfmY0=
gopkg.in/check.v1 v0.0.0-20161208181325-20d25e280405 h1:yhCVgyC4o1eVCa2tZl7eS0r+SDo693bJlVdllGtEeKM=
gopkg.in/check.v1 v0.0.0-20161208181325-20d25e280405/go.mod h1:Co6ibVJAznAaIkqp8huTwlJQCZ016jof/cbN4VW5Yz0=
gopkg.in/yaml.v3 v3.0.1 h1:fxVm/GzAzEWqLHuvctI91KS9hhNmmWOoWu0XTYJS7CA=
gopkg.in/yaml.v3 v3.0.1/go.mod h1:K4uyk7z7BCEPqu6E+C64Yfv1cQ7kz7rIZviUmN+EgEM=
